// !$*UTF8*$!
{
	archiveVersion = 1;
	classes = {
	};
	objectVersion = 46;
	objects = {

/* Begin PBXBuildFile section */
		871A724C15B4F721000A025C /* UIKit.framework in Frameworks */ = {isa = PBXBuildFile; fileRef = 871A724B15B4F721000A025C /* UIKit.framework */; };
		871A724E15B4F721000A025C /* Foundation.framework in Frameworks */ = {isa = PBXBuildFile; fileRef = 871A724D15B4F721000A025C /* Foundation.framework */; };
		871A725015B4F721000A025C /* CoreGraphics.framework in Frameworks */ = {isa = PBXBuildFile; fileRef = 871A724F15B4F721000A025C /* CoreGraphics.framework */; };
		871A725615B4F721000A025C /* InfoPlist.strings in Resources */ = {isa = PBXBuildFile; fileRef = 871A725415B4F721000A025C /* InfoPlist.strings */; };
		871A725815B4F721000A025C /* main.m in Sources */ = {isa = PBXBuildFile; fileRef = 871A725715B4F721000A025C /* main.m */; };
		871A725C15B4F721000A025C /* AppDelegate.m in Sources */ = {isa = PBXBuildFile; fileRef = 871A725B15B4F721000A025C /* AppDelegate.m */; };
		871A725F15B4F721000A025C /* ViewController.m in Sources */ = {isa = PBXBuildFile; fileRef = 871A725E15B4F721000A025C /* ViewController.m */; };
		871A726215B4F721000A025C /* ViewController.xib in Resources */ = {isa = PBXBuildFile; fileRef = 871A726015B4F721000A025C /* ViewController.xib */; };
		871A726E15B4FB36000A025C /* tweetobject.m in Sources */ = {isa = PBXBuildFile; fileRef = 871A726D15B4FB36000A025C /* tweetobject.m */; };
		871A727115B4FB4D000A025C /* parseobject.m in Sources */ = {isa = PBXBuildFile; fileRef = 871A727015B4FB4D000A025C /* parseobject.m */; };
		871A727515B5006E000A025C /* twitter.png in Resources */ = {isa = PBXBuildFile; fileRef = 871A727415B5006E000A025C /* twitter.png */; };
		871A727F15B50220000A025C /* twitter-icon.png in Resources */ = {isa = PBXBuildFile; fileRef = 871A727E15B50220000A025C /* twitter-icon.png */; };
		8784FB5E15B957CD005B3B8C /* Reachability.m in Sources */ = {isa = PBXBuildFile; fileRef = 8784FB5D15B957CD005B3B8C /* Reachability.m */; };
		8784FB6115B95853005B3B8C /* SystemConfiguration.framework in Frameworks */ = {isa = PBXBuildFile; fileRef = 8784FB6015B95853005B3B8C /* SystemConfiguration.framework */; };
		879D0CBA15B7C8E500C14457 /* Default.png in Resources */ = {isa = PBXBuildFile; fileRef = 879D0CB915B7C8E500C14457 /* Default.png */; };
/* End PBXBuildFile section */

/* Begin PBXFileReference section */
		871A724715B4F721000A025C /* xmlparsing.app */ = {isa = PBXFileReference; explicitFileType = wrapper.application; includeInIndex = 0; path = xmlparsing.app; sourceTree = BUILT_PRODUCTS_DIR; };
		871A724B15B4F721000A025C /* UIKit.framework */ = {isa = PBXFileReference; lastKnownFileType = wrapper.framework; name = UIKit.framework; path = System/Library/Frameworks/UIKit.framework; sourceTree = SDKROOT; };
		871A724D15B4F721000A025C /* Foundation.framework */ = {isa = PBXFileReference; lastKnownFileType = wrapper.framework; name = Foundation.framework; path = System/Library/Frameworks/Foundation.framework; sourceTree = SDKROOT; };
		871A724F15B4F721000A025C /* CoreGraphics.framework */ = {isa = PBXFileReference; lastKnownFileType = wrapper.framework; name = CoreGraphics.framework; path = System/Library/Frameworks/CoreGraphics.framework; sourceTree = SDKROOT; };
		871A725315B4F721000A025C /* xmlparsing-Info.plist */ = {isa = PBXFileReference; lastKnownFileType = text.plist.xml; path = "xmlparsing-Info.plist"; sourceTree = "<group>"; };
		871A725515B4F721000A025C /* en */ = {isa = PBXFileReference; lastKnownFileType = text.plist.strings; name = en; path = en.lproj/InfoPlist.strings; sourceTree = "<group>"; };
		871A725715B4F721000A025C /* main.m */ = {isa = PBXFileReference; lastKnownFileType = sourcecode.c.objc; path = main.m; sourceTree = "<group>"; };
		871A725915B4F721000A025C /* xmlparsing-Prefix.pch */ = {isa = PBXFileReference; lastKnownFileType = sourcecode.c.h; path = "xmlparsing-Prefix.pch"; sourceTree = "<group>"; };
		871A725A15B4F721000A025C /* AppDelegate.h */ = {isa = PBXFileReference; lastKnownFileType = sourcecode.c.h; path = AppDelegate.h; sourceTree = "<group>"; };
		871A725B15B4F721000A025C /* AppDelegate.m */ = {isa = PBXFileReference; lastKnownFileType = sourcecode.c.objc; path = AppDelegate.m; sourceTree = "<group>"; };
		871A725D15B4F721000A025C /* ViewController.h */ = {isa = PBXFileReference; lastKnownFileType = sourcecode.c.h; path = ViewController.h; sourceTree = "<group>"; };
		871A725E15B4F721000A025C /* ViewController.m */ = {isa = PBXFileReference; lastKnownFileType = sourcecode.c.objc; path = ViewController.m; sourceTree = "<group>"; };
		871A726115B4F721000A025C /* en */ = {isa = PBXFileReference; lastKnownFileType = file.xib; name = en; path = en.lproj/ViewController.xib; sourceTree = "<group>"; };
		871A726C15B4FB36000A025C /* tweetobject.h */ = {isa = PBXFileReference; fileEncoding = 4; lastKnownFileType = sourcecode.c.h; path = tweetobject.h; sourceTree = "<group>"; };
		871A726D15B4FB36000A025C /* tweetobject.m */ = {isa = PBXFileReference; fileEncoding = 4; lastKnownFileType = sourcecode.c.objc; path = tweetobject.m; sourceTree = "<group>"; };
		871A726F15B4FB4D000A025C /* parseobject.h */ = {isa = PBXFileReference; fileEncoding = 4; lastKnownFileType = sourcecode.c.h; path = parseobject.h; sourceTree = "<group>"; };
		871A727015B4FB4D000A025C /* parseobject.m */ = {isa = PBXFileReference; fileEncoding = 4; lastKnownFileType = sourcecode.c.objc; path = parseobject.m; sourceTree = "<group>"; };
		871A727415B5006E000A025C /* twitter.png */ = {isa = PBXFileReference; lastKnownFileType = image.png; name = twitter.png; path = ../../../Icons/twitter.png; sourceTree = "<group>"; };
		871A727E15B50220000A025C /* twitter-icon.png */ = {isa = PBXFileReference; lastKnownFileType = image.png; name = "twitter-icon.png"; path = "../twitter-icon.png"; sourceTree = "<group>"; };
		8784FB5C15B957CD005B3B8C /* Reachability.h */ = {isa = PBXFileReference; fileEncoding = 4; lastKnownFileType = sourcecode.c.h; name = Reachability.h; path = ../../../../Downloads/Reachability/Classes/Reachability.h; sourceTree = "<group>"; };
		8784FB5D15B957CD005B3B8C /* Reachability.m */ = {isa = PBXFileReference; fileEncoding = 4; lastKnownFileType = sourcecode.c.objc; name = Reachability.m; path = ../../../../Downloads/Reachability/Classes/Reachability.m; sourceTree = "<group>"; };
		8784FB6015B95853005B3B8C /* SystemConfiguration.framework */ = {isa = PBXFileReference; lastKnownFileType = wrapper.framework; name = SystemConfiguration.framework; path = System/Library/Frameworks/SystemConfiguration.framework; sourceTree = SDKROOT; };
		879D0CB915B7C8E500C14457 /* Default.png */ = {isa = PBXFileReference; lastKnownFileType = image.png; name = Default.png; path = ../Default.png; sourceTree = "<group>"; };
/* End PBXFileReference section */

/* Begin PBXFrameworksBuildPhase section */
		871A724415B4F721000A025C /* Frameworks */ = {
			isa = PBXFrameworksBuildPhase;
			buildActionMask = 2147483647;
			files = (
				8784FB6115B95853005B3B8C /* SystemConfiguration.framework in Frameworks */,
				871A724C15B4F721000A025C /* UIKit.framework in Frameworks */,
				871A724E15B4F721000A025C /* Foundation.framework in Frameworks */,
				871A725015B4F721000A025C /* CoreGraphics.framework in Frameworks */,
			);
			runOnlyForDeploymentPostprocessing = 0;
		};
/* End PBXFrameworksBuildPhase section */

/* Begin PBXGroup section */
		871A723C15B4F721000A025C = {
			isa = PBXGroup;
			children = (
				871A725115B4F721000A025C /* xmlparsing */,
				871A724A15B4F721000A025C /* Frameworks */,
				871A724815B4F721000A025C /* Products */,
			);
			sourceTree = "<group>";
		};
		871A724815B4F721000A025C /* Products */ = {
			isa = PBXGroup;
			children = (
				871A724715B4F721000A025C /* xmlparsing.app */,
			);
			name = Products;
			sourceTree = "<group>";
		};
		871A724A15B4F721000A025C /* Frameworks */ = {
			isa = PBXGroup;
			children = (
				8784FB6015B95853005B3B8C /* SystemConfiguration.framework */,
				871A724B15B4F721000A025C /* UIKit.framework */,
				871A724D15B4F721000A025C /* Foundation.framework */,
				871A724F15B4F721000A025C /* CoreGraphics.framework */,
			);
			name = Frameworks;
			sourceTree = "<group>";
		};
		871A725115B4F721000A025C /* xmlparsing */ = {
			isa = PBXGroup;
			children = (
				871A725A15B4F721000A025C /* AppDelegate.h */,
				871A725B15B4F721000A025C /* AppDelegate.m */,
				8784FB5C15B957CD005B3B8C /* Reachability.h */,
				8784FB5D15B957CD005B3B8C /* Reachability.m */,
				871A725D15B4F721000A025C /* ViewController.h */,
				871A725E15B4F721000A025C /* ViewController.m */,
				871A726015B4F721000A025C /* ViewController.xib */,
				871A725215B4F721000A025C /* Supporting Files */,
			);
			path = xmlparsing;
			sourceTree = "<group>";
		};
		871A725215B4F721000A025C /* Supporting Files */ = {
			isa = PBXGroup;
			children = (
				871A725315B4F721000A025C /* xmlparsing-Info.plist */,
				871A725415B4F721000A025C /* InfoPlist.strings */,
				871A727415B5006E000A025C /* twitter.png */,
				879D0CB915B7C8E500C14457 /* Default.png */,
				871A727E15B50220000A025C /* twitter-icon.png */,
				871A726C15B4FB36000A025C /* tweetobject.h */,
				871A726D15B4FB36000A025C /* tweetobject.m */,
				871A726F15B4FB4D000A025C /* parseobject.h */,
				871A727015B4FB4D000A025C /* parseobject.m */,
				871A725715B4F721000A025C /* main.m */,
				871A725915B4F721000A025C /* xmlparsing-Prefix.pch */,
			);
			name = "Supporting Files";
			sourceTree = "<group>";
		};
/* End PBXGroup section */

/* Begin PBXNativeTarget section */
		871A724615B4F721000A025C /* xmlparsing */ = {
			isa = PBXNativeTarget;
			buildConfigurationList = 871A726515B4F722000A025C /* Build configuration list for PBXNativeTarget "xmlparsing" */;
			buildPhases = (
				871A724315B4F721000A025C /* Sources */,
				871A724415B4F721000A025C /* Frameworks */,
				871A724515B4F721000A025C /* Resources */,
			);
			buildRules = (
			);
			dependencies = (
			);
			name = xmlparsing;
			productName = xmlparsing;
			productReference = 871A724715B4F721000A025C /* xmlparsing.app */;
			productType = "com.apple.product-type.application";
		};
/* End PBXNativeTarget section */

/* Begin PBXProject section */
		871A723E15B4F721000A025C /* Project object */ = {
			isa = PBXProject;
			attributes = {
				LastUpgradeCheck = 0450;
				ORGANIZATIONNAME = febycv;
			};
			buildConfigurationList = 871A724115B4F721000A025C /* Build configuration list for PBXProject "xmlparsing" */;
			compatibilityVersion = "Xcode 3.2";
			developmentRegion = English;
			hasScannedForEncodings = 0;
			knownRegions = (
				en,
			);
			mainGroup = 871A723C15B4F721000A025C;
			productRefGroup = 871A724815B4F721000A025C /* Products */;
			projectDirPath = "";
			projectRoot = "";
			targets = (
				871A724615B4F721000A025C /* xmlparsing */,
			);
		};
/* End PBXProject section */

/* Begin PBXResourcesBuildPhase section */
		871A724515B4F721000A025C /* Resources */ = {
			isa = PBXResourcesBuildPhase;
			buildActionMask = 2147483647;
			files = (
				871A725615B4F721000A025C /* InfoPlist.strings in Resources */,
				871A726215B4F721000A025C /* ViewController.xib in Resources */,
				871A727515B5006E000A025C /* twitter.png in Resources */,
				871A727F15B50220000A025C /* twitter-icon.png in Resources */,
				879D0CBA15B7C8E500C14457 /* Default.png in Resources */,
			);
			runOnlyForDeploymentPostprocessing = 0;
		};
/* End PBXResourcesBuildPhase section */

/* Begin PBXSourcesBuildPhase section */
		871A724315B4F721000A025C /* Sources */ = {
			isa = PBXSourcesBuildPhase;
			buildActionMask = 2147483647;
			files = (
				871A725815B4F721000A025C /* main.m in Sources */,
				871A725C15B4F721000A025C /* AppDelegate.m in Sources */,
				871A725F15B4F721000A025C /* ViewController.m in Sources */,
				871A726E15B4FB36000A025C /* tweetobject.m in Sources */,
				871A727115B4FB4D000A025C /* parseobject.m in Sources */,
				8784FB5E15B957CD005B3B8C /* Reachability.m in Sources */,
			);
			runOnlyForDeploymentPostprocessing = 0;
		};
/* End PBXSourcesBuildPhase section */

/* Begin PBXVariantGroup section */
		871A725415B4F721000A025C /* InfoPlist.strings */ = {
			isa = PBXVariantGroup;
			children = (
				871A725515B4F721000A025C /* en */,
			);
			name = InfoPlist.strings;
			sourceTree = "<group>";
		};
		871A726015B4F721000A025C /* ViewController.xib */ = {
			isa = PBXVariantGroup;
			children = (
				871A726115B4F721000A025C /* en */,
			);
			name = ViewController.xib;
			sourceTree = "<group>";
		};
/* End PBXVariantGroup section */

/* Begin XCBuildConfiguration section */
		871A726315B4F721000A025C /* Debug */ = {
			isa = XCBuildConfiguration;
			buildSettings = {
				ALWAYS_SEARCH_USER_PATHS = NO;
				CLANG_CXX_LANGUAGE_STANDARD = "gnu++0x";
				CLANG_WARN__DUPLICATE_METHOD_MATCH = YES;
				"CODE_SIGN_IDENTITY[sdk=iphoneos*]" = "iPhone Developer";
				COPY_PHASE_STRIP = NO;
				GCC_C_LANGUAGE_STANDARD = gnu99;
				GCC_DYNAMIC_NO_PIC = NO;
				GCC_OPTIMIZATION_LEVEL = 0;
				GCC_PREPROCESSOR_DEFINITIONS = (
					"DEBUG=1",
					"$(inherited)",
				);
				GCC_SYMBOLS_PRIVATE_EXTERN = NO;
				GCC_WARN_ABOUT_RETURN_TYPE = YES;
				GCC_WARN_UNINITIALIZED_AUTOS = YES;
				GCC_WARN_UNUSED_VARIABLE = YES;
				IPHONEOS_DEPLOYMENT_TARGET = 6.0;
				SDKROOT = iphoneos;
			};
			name = Debug;
		};
		871A726415B4F721000A025C /* Release */ = {
			isa = XCBuildConfiguration;
			buildSettings = {
				ALWAYS_SEARCH_USER_PATHS = NO;
				CLANG_CXX_LANGUAGE_STANDARD = "gnu++0x";
				CLANG_WARN__DUPLICATE_METHOD_MATCH = YES;
				"CODE_SIGN_IDENTITY[sdk=iphoneos*]" = "iPhone Developer";
				COPY_PHASE_STRIP = YES;
				GCC_C_LANGUAGE_STANDARD = gnu99;
				GCC_WARN_ABOUT_RETURN_TYPE = YES;
				GCC_WARN_UNINITIALIZED_AUTOS = YES;
				GCC_WARN_UNUSED_VARIABLE = YES;
				IPHONEOS_DEPLOYMENT_TARGET = 6.0;
				OTHER_CFLAGS = "-DNS_BLOCK_ASSERTIONS=1";
				SDKROOT = iphoneos;
				VALIDATE_PRODUCT = YES;
			};
			name = Release;
		};
		871A726615B4F722000A025C /* Debug */ = {
			isa = XCBuildConfiguration;
			buildSettings = {
				GCC_PRECOMPILE_PREFIX_HEADER = YES;
				GCC_PREFIX_HEADER = "xmlparsing/xmlparsing-Prefix.pch";
				INFOPLIST_FILE = "xmlparsing/xmlparsing-Info.plist";
				PRODUCT_NAME = "$(TARGET_NAME)";
				WRAPPER_EXTENSION = app;
			};
			name = Debug;
		};
		871A726715B4F722000A025C /* Release */ = {
			isa = XCBuildConfiguration;
			buildSettings = {
				GCC_PRECOMPILE_PREFIX_HEADER = YES;
				GCC_PREFIX_HEADER = "xmlparsing/xmlparsing-Prefix.pch";
				INFOPLIST_FILE = "xmlparsing/xmlparsing-Info.plist";
				PRODUCT_NAME = "$(TARGET_NAME)";
				WRAPPER_EXTENSION = app;
			};
			name = Release;
		};
/* End XCBuildConfiguration section */

/* Begin XCConfigurationList section */
		871A724115B4F721000A025C /* Build configuration list for PBXProject "xmlparsing" */ = {
			isa = XCConfigurationList;
			buildConfigurations = (
				871A726315B4F721000A025C /* Debug */,
				871A726415B4F721000A025C /* Release */,
			);
			defaultConfigurationIsVisible = 0;
			defaultConfigurationName = Release;
		};
		871A726515B4F722000A025C /* Build configuration list for PBXNativeTarget "xmlparsing" */ = {
			isa = XCConfigurationList;
			buildConfigurations = (
				871A726615B4F722000A025C /* Debug */,
				871A726715B4F722000A025C /* Release */,
			);
			defaultConfigurationIsVisible = 0;
			defaultConfigurationName = Release;
		};
/* End XCConfigurationList section */
	};
	rootObject = 871A723E15B4F721000A025C /* Project object */;
}
